
Microsoft Visual Studio Solution File, Format Version 12.00
# Visual Studio 15
VisualStudioVersion = 15.0.26730.3
MinimumVisualStudioVersion = 10.0.40219.1
Project("{FAE04EC0-301F-11D3-BF4B-00C04F79EFBC}") = "G3Monitor", "G3Monitor\G3Monitor.csproj", "{47A5E6D4-E811-4DB5-A576-4DB3403D1778}"
EndProject
Project("{FAE04EC0-301F-11D3-BF4B-00C04F79EFBC}") = "PresentationLogic", "PresentationLogic\PresentationLogic.csproj", "{971DB151-840A-41E2-AF46-0E37C1A1CB41}"
EndProject
Project("{FAE04EC0-301F-11D3-BF4B-00C04F79EFBC}") = "BusinessLogic", "BusinessLogic\BusinessLogic.csproj", "{1FCB8901-6DE9-4A84-A261-4FBBB2A85382}"
EndProject
Project("{FAE04EC0-301F-11D3-BF4B-00C04F79EFBC}") = "DataAccessLogic", "DataAccessLogic\DataAccessLogic.csproj", "{9F43BC7F-F112-46A5-89BE-AF91083B538C}"
EndProject
Project("{FAE04EC0-301F-11D3-BF4B-00C04F79EFBC}") = "DTO", "DTO\DTO.csproj", "{4B1F2CE6-E5B7-4174-BF52-3C1CC13DB93A}"
EndProject
Project("{FAE04EC0-301F-11D3-BF4B-00C04F79EFBC}") = "Interfaces", "Interfaces\Interfaces.csproj", "{8B757F6A-8716-4203-81DA-093D9E2F832A}"
EndProject
Project("{FAE04EC0-301F-11D3-BF4B-00C04F79EFBC}") = "BusinessLogic.Tests.Unit", "BusinessLogic.Tests.Unit\BusinessLogic.Tests.Unit.csproj", "{DCACBEA0-A5C9-4E56-B74B-5ED9EB4978DA}"
EndProject

Project("{FAE04EC0-301F-11D3-BF4B-00C04F79EFBC}") = "DataAccessLogic.Test.Unit", "DataAccessLogic.Test.Unit\DataAccessLogic.Test.Unit.csproj", "{C15EBCB2-5AAF-4615-90EE-C775B3B1EE5B}"

Project("{FAE04EC0-301F-11D3-BF4B-00C04F79EFBC}") = "DataAccessLogic.Test.Unit", "DataAccessLogic.Test.Unit\DataAccessLogic.Test.Unit.csproj", "{3E1ADD32-E584-4C42-9502-B82AD939C46E}"

EndProject
Global
	GlobalSection(SolutionConfigurationPlatforms) = preSolution
		Debug|Any CPU = Debug|Any CPU
		Release|Any CPU = Release|Any CPU
	EndGlobalSection
	GlobalSection(ProjectConfigurationPlatforms) = postSolution
		{47A5E6D4-E811-4DB5-A576-4DB3403D1778}.Debug|Any CPU.ActiveCfg = Debug|Any CPU
		{47A5E6D4-E811-4DB5-A576-4DB3403D1778}.Debug|Any CPU.Build.0 = Debug|Any CPU
		{47A5E6D4-E811-4DB5-A576-4DB3403D1778}.Release|Any CPU.ActiveCfg = Release|Any CPU
		{47A5E6D4-E811-4DB5-A576-4DB3403D1778}.Release|Any CPU.Build.0 = Release|Any CPU
		{971DB151-840A-41E2-AF46-0E37C1A1CB41}.Debug|Any CPU.ActiveCfg = Debug|Any CPU
		{971DB151-840A-41E2-AF46-0E37C1A1CB41}.Debug|Any CPU.Build.0 = Debug|Any CPU
		{971DB151-840A-41E2-AF46-0E37C1A1CB41}.Release|Any CPU.ActiveCfg = Release|Any CPU
		{971DB151-840A-41E2-AF46-0E37C1A1CB41}.Release|Any CPU.Build.0 = Release|Any CPU
		{1FCB8901-6DE9-4A84-A261-4FBBB2A85382}.Debug|Any CPU.ActiveCfg = Debug|Any CPU
		{1FCB8901-6DE9-4A84-A261-4FBBB2A85382}.Debug|Any CPU.Build.0 = Debug|Any CPU
		{1FCB8901-6DE9-4A84-A261-4FBBB2A85382}.Release|Any CPU.ActiveCfg = Release|Any CPU
		{1FCB8901-6DE9-4A84-A261-4FBBB2A85382}.Release|Any CPU.Build.0 = Release|Any CPU
		{9F43BC7F-F112-46A5-89BE-AF91083B538C}.Debug|Any CPU.ActiveCfg = Debug|Any CPU
		{9F43BC7F-F112-46A5-89BE-AF91083B538C}.Debug|Any CPU.Build.0 = Debug|Any CPU
		{9F43BC7F-F112-46A5-89BE-AF91083B538C}.Release|Any CPU.ActiveCfg = Release|Any CPU
		{9F43BC7F-F112-46A5-89BE-AF91083B538C}.Release|Any CPU.Build.0 = Release|Any CPU
		{4B1F2CE6-E5B7-4174-BF52-3C1CC13DB93A}.Debug|Any CPU.ActiveCfg = Debug|Any CPU
		{4B1F2CE6-E5B7-4174-BF52-3C1CC13DB93A}.Debug|Any CPU.Build.0 = Debug|Any CPU
		{4B1F2CE6-E5B7-4174-BF52-3C1CC13DB93A}.Release|Any CPU.ActiveCfg = Release|Any CPU
		{4B1F2CE6-E5B7-4174-BF52-3C1CC13DB93A}.Release|Any CPU.Build.0 = Release|Any CPU
		{8B757F6A-8716-4203-81DA-093D9E2F832A}.Debug|Any CPU.ActiveCfg = Debug|Any CPU
		{8B757F6A-8716-4203-81DA-093D9E2F832A}.Debug|Any CPU.Build.0 = Debug|Any CPU
		{8B757F6A-8716-4203-81DA-093D9E2F832A}.Release|Any CPU.ActiveCfg = Release|Any CPU
		{8B757F6A-8716-4203-81DA-093D9E2F832A}.Release|Any CPU.Build.0 = Release|Any CPU
		{DCACBEA0-A5C9-4E56-B74B-5ED9EB4978DA}.Debug|Any CPU.ActiveCfg = Debug|Any CPU
		{DCACBEA0-A5C9-4E56-B74B-5ED9EB4978DA}.Debug|Any CPU.Build.0 = Debug|Any CPU
		{DCACBEA0-A5C9-4E56-B74B-5ED9EB4978DA}.Release|Any CPU.ActiveCfg = Release|Any CPU
		{DCACBEA0-A5C9-4E56-B74B-5ED9EB4978DA}.Release|Any CPU.Build.0 = Release|Any CPU

		{C15EBCB2-5AAF-4615-90EE-C775B3B1EE5B}.Debug|Any CPU.ActiveCfg = Debug|Any CPU
		{C15EBCB2-5AAF-4615-90EE-C775B3B1EE5B}.Debug|Any CPU.Build.0 = Debug|Any CPU
		{C15EBCB2-5AAF-4615-90EE-C775B3B1EE5B}.Release|Any CPU.ActiveCfg = Release|Any CPU
		{C15EBCB2-5AAF-4615-90EE-C775B3B1EE5B}.Release|Any CPU.Build.0 = Release|Any CPU

		{3E1ADD32-E584-4C42-9502-B82AD939C46E}.Debug|Any CPU.ActiveCfg = Debug|Any CPU
		{3E1ADD32-E584-4C42-9502-B82AD939C46E}.Debug|Any CPU.Build.0 = Debug|Any CPU
		{3E1ADD32-E584-4C42-9502-B82AD939C46E}.Release|Any CPU.ActiveCfg = Release|Any CPU
		{3E1ADD32-E584-4C42-9502-B82AD939C46E}.Release|Any CPU.Build.0 = Release|Any CPU

	EndGlobalSection
	GlobalSection(SolutionProperties) = preSolution
		HideSolutionNode = FALSE
	EndGlobalSection
	GlobalSection(ExtensibilityGlobals) = postSolution
		SolutionGuid = {963382A2-682F-4A9B-BF8F-B8C5BE0B5880}
	EndGlobalSection
EndGlobal
